{
  "name": "analisador-lexico",
  "version": "1.0.0",
  "lockfileVersion": 3,
  "requires": true,
  "packages": {
    "": {
      "name": "analisador-lexico",
      "version": "1.0.0",
      "license": "MIT",
      "dependencies": {
        "file-system": "^2.2.2"
      }
    },
    "node_modules/file-match": {
      "version": "1.0.2",
      "license": "ISC",
      "dependencies": {
        "utils-extend": "^1.0.6"
      }
    },
    "node_modules/file-system": {
      "version": "2.2.2",
      "license": "ISC",
      "dependencies": {
        "file-match": "^1.0.1",
        "utils-extend": "^1.0.4"
      }
    },
    "node_modules/utils-extend": {
      "version": "1.0.8",
      "license": "ISC"
    }
  }
}
